{
  "object": {
    "pins": [
      {
        "package": "Alamofire",
        "repositoryURL": "https://github.com/Alamofire/Alamofire.git",
        "state": {
          "branch": null,
          "revision": "4d19ad82f80cc71ff829b941ded114c56f4f604c",
          "version": "5.4.2"
        }
      },
      {
        "package": "Bagel",
        "repositoryURL": "https://github.com/bogdangolubcr/Bagel.git",
        "state": {
          "branch": "master",
          "revision": "028101185058c9bca1cfa6b5927d08ef2c54adad",
          "version": null
        }
      },
      {
        "package": "CocoaAsyncSocket",
        "repositoryURL": "https://github.com/bogdangolubcr/CocoaAsyncSocket.git",
        "state": {
          "branch": "master",
          "revision": "7ca6a9adedd39f5569e64db1546a2f3eac681605",
          "version": null
        }
      },
      {
        "package": "ReactiveCocoa",
        "repositoryURL": "https://github.com/ReactiveCocoa/ReactiveCocoa.git",
        "state": {
          "branch": "master",
          "revision": "02580542900abb4527d96e1b6ef27bab6812278d",
          "version": null
        }
      },
      {
        "package": "SnapKit",
        "repositoryURL": "https://github.com/SnapKit/SnapKit.git",
        "state": {
          "branch": null,
          "revision": "d458564516e5676af9c70b4f4b2a9178294f1bc6",
          "version": "5.0.1"
        }
      }
    ]
  },
  "version": 1
}
